
Microsoft Visual Studio Solution File, Format Version 12.00
# Visual Studio Version 17
VisualStudioVersion = 17.2.32630.192
MinimumVisualStudioVersion = 10.0.40219.1
Project("{9A19103F-16F7-4668-BE54-9A1E7A4F7556}") = "Helpers.Desktop", "Desktop\Helpers.Desktop.csproj", "{986C24CA-1C71-41B3-BDD8-C1C1D35F2D3E}"
EndProject
Project("{9A19103F-16F7-4668-BE54-9A1E7A4F7556}") = "Helpers.Backend", "Backend\Helpers.Backend.csproj", "{A060F051-7A52-49DA-A07E-63FF5F4722FC}"
EndProject
Project("{FAE04EC0-301F-11D3-BF4B-00C04F79EFBC}") = "Helpers.Common", "Common\Helpers.Common.csproj", "{1A95E8A7-9A49-48B3-9008-EF59580843D0}"
EndProject
Global
	GlobalSection(SolutionConfigurationPlatforms) = preSolution
		Debug|Any CPU = Debug|Any CPU
		Release|Any CPU = Release|Any CPU
	EndGlobalSection
	GlobalSection(ProjectConfigurationPlatforms) = postSolution
		{986C24CA-1C71-41B3-BDD8-C1C1D35F2D3E}.Debug|Any CPU.ActiveCfg = Debug|Any CPU
		{986C24CA-1C71-41B3-BDD8-C1C1D35F2D3E}.Debug|Any CPU.Build.0 = Debug|Any CPU
		{986C24CA-1C71-41B3-BDD8-C1C1D35F2D3E}.Release|Any CPU.ActiveCfg = Release|Any CPU
		{986C24CA-1C71-41B3-BDD8-C1C1D35F2D3E}.Release|Any CPU.Build.0 = Release|Any CPU
		{A060F051-7A52-49DA-A07E-63FF5F4722FC}.Debug|Any CPU.ActiveCfg = Debug|Any CPU
		{A060F051-7A52-49DA-A07E-63FF5F4722FC}.Debug|Any CPU.Build.0 = Debug|Any CPU
		{A060F051-7A52-49DA-A07E-63FF5F4722FC}.Release|Any CPU.ActiveCfg = Release|Any CPU
		{A060F051-7A52-49DA-A07E-63FF5F4722FC}.Release|Any CPU.Build.0 = Release|Any CPU
		{1A95E8A7-9A49-48B3-9008-EF59580843D0}.Debug|Any CPU.ActiveCfg = Debug|Any CPU
		{1A95E8A7-9A49-48B3-9008-EF59580843D0}.Debug|Any CPU.Build.0 = Debug|Any CPU
		{1A95E8A7-9A49-48B3-9008-EF59580843D0}.Release|Any CPU.ActiveCfg = Release|Any CPU
		{1A95E8A7-9A49-48B3-9008-EF59580843D0}.Release|Any CPU.Build.0 = Release|Any CPU
	EndGlobalSection
	GlobalSection(SolutionProperties) = preSolution
		HideSolutionNode = FALSE
	EndGlobalSection
	GlobalSection(ExtensibilityGlobals) = postSolution
		SolutionGuid = {0196F38E-ABB1-4A5A-894B-AE25E9DAE7C9}
	EndGlobalSection
EndGlobal
